
Microsoft Visual Studio Solution File, Format Version 12.00
# Visual Studio Version 16
VisualStudioVersion = 16.0.30621.155
MinimumVisualStudioVersion = 10.0.40219.1
Project("{FAE04EC0-301F-11D3-BF4B-00C04F79EFBC}") = "rocketcontent.ImgSliderCap", "rocketcontent.ImgSliderCap.csproj", "{35B30750-185D-447B-9C0D-6866AE89549B}"
EndProject
Global
	GlobalSection(SolutionConfigurationPlatforms) = preSolution
		Debug|Any CPU = Debug|Any CPU
		Release|Any CPU = Release|Any CPU
	EndGlobalSection
	GlobalSection(ProjectConfigurationPlatforms) = postSolution
		{35B30750-185D-447B-9C0D-6866AE89549B}.Debug|Any CPU.ActiveCfg = Debug|Any CPU
		{35B30750-185D-447B-9C0D-6866AE89549B}.Debug|Any CPU.Build.0 = Debug|Any CPU
		{35B30750-185D-447B-9C0D-6866AE89549B}.Release|Any CPU.ActiveCfg = Release|Any CPU
		{35B30750-185D-447B-9C0D-6866AE89549B}.Release|Any CPU.Build.0 = Release|Any CPU
	EndGlobalSection
	GlobalSection(SolutionProperties) = preSolution
		HideSolutionNode = FALSE
	EndGlobalSection
	GlobalSection(ExtensibilityGlobals) = postSolution
		SolutionGuid = {3360911F-9A4B-4E62-A12B-4C8CC94C91C6}
	EndGlobalSection
EndGlobal
